// !$*UTF8*$!
{
	archiveVersion = 1;
	classes = {
	};
	objectVersion = 56;
	objects = {

/* Begin PBXBuildFile section */
		945C882C2AE20A9900494B7C /* Profile.swift in Sources */ = {isa = PBXBuildFile; fileRef = 945C882B2AE20A9900494B7C /* Profile.swift */; };
		945C882E2AE20E5600494B7C /* Dashboard.swift in Sources */ = {isa = PBXBuildFile; fileRef = 945C882D2AE20E5600494B7C /* Dashboard.swift */; };
		9473E41A2AE0C9AF00EE0A27 /* Location.swift in Sources */ = {isa = PBXBuildFile; fileRef = 9473E4192AE0C9AF00EE0A27 /* Location.swift */; };
		94B0FC142ADC376E00BC82B0 /* Home.swift in Sources */ = {isa = PBXBuildFile; fileRef = 94B0FC132ADC376E00BC82B0 /* Home.swift */; };
		94B0FC162ADC48F700BC82B0 /* SignInRegister.swift in Sources */ = {isa = PBXBuildFile; fileRef = 94B0FC152ADC48F700BC82B0 /* SignInRegister.swift */; };
		94B0FC182ADC6CD700BC82B0 /* MapS.swift in Sources */ = {isa = PBXBuildFile; fileRef = 94B0FC172ADC6CD700BC82B0 /* MapS.swift */; };
		94D4CE552AD5FA10005D3837 /* Net_Zero_CommuteApp.swift in Sources */ = {isa = PBXBuildFile; fileRef = 94D4CE542AD5FA10005D3837 /* Net_Zero_CommuteApp.swift */; };
		94D4CE572AD5FA10005D3837 /* ContentView.swift in Sources */ = {isa = PBXBuildFile; fileRef = 94D4CE562AD5FA10005D3837 /* ContentView.swift */; };
		94D4CE592AD5FA11005D3837 /* Assets.xcassets in Resources */ = {isa = PBXBuildFile; fileRef = 94D4CE582AD5FA11005D3837 /* Assets.xcassets */; };
		94D4CE5D2AD5FA11005D3837 /* Preview Assets.xcassets in Resources */ = {isa = PBXBuildFile; fileRef = 94D4CE5C2AD5FA11005D3837 /* Preview Assets.xcassets */; };
/* End PBXBuildFile section */

/* Begin PBXFileReference section */
		945C882B2AE20A9900494B7C /* Profile.swift */ = {isa = PBXFileReference; lastKnownFileType = sourcecode.swift; path = Profile.swift; sourceTree = "<group>"; };
		945C882D2AE20E5600494B7C /* Dashboard.swift */ = {isa = PBXFileReference; lastKnownFileType = sourcecode.swift; path = Dashboard.swift; sourceTree = "<group>"; };
		9473E4192AE0C9AF00EE0A27 /* Location.swift */ = {isa = PBXFileReference; lastKnownFileType = sourcecode.swift; path = Location.swift; sourceTree = "<group>"; };
		94B0FC132ADC376E00BC82B0 /* Home.swift */ = {isa = PBXFileReference; lastKnownFileType = sourcecode.swift; path = Home.swift; sourceTree = "<group>"; };
		94B0FC152ADC48F700BC82B0 /* SignInRegister.swift */ = {isa = PBXFileReference; lastKnownFileType = sourcecode.swift; path = SignInRegister.swift; sourceTree = "<group>"; };
		94B0FC172ADC6CD700BC82B0 /* MapS.swift */ = {isa = PBXFileReference; lastKnownFileType = sourcecode.swift; path = MapS.swift; sourceTree = "<group>"; };
		94D4CE512AD5FA10005D3837 /* Net Zero Commute.app */ = {isa = PBXFileReference; explicitFileType = wrapper.application; includeInIndex = 0; path = "Net Zero Commute.app"; sourceTree = BUILT_PRODUCTS_DIR; };
		94D4CE542AD5FA10005D3837 /* Net_Zero_CommuteApp.swift */ = {isa = PBXFileReference; lastKnownFileType = sourcecode.swift; path = Net_Zero_CommuteApp.swift; sourceTree = "<group>"; };
		94D4CE562AD5FA10005D3837 /* ContentView.swift */ = {isa = PBXFileReference; lastKnownFileType = sourcecode.swift; path = ContentView.swift; sourceTree = "<group>"; };
		94D4CE582AD5FA11005D3837 /* Assets.xcassets */ = {isa = PBXFileReference; lastKnownFileType = folder.assetcatalog; path = Assets.xcassets; sourceTree = "<group>"; };
		94D4CE5A2AD5FA11005D3837 /* Net_Zero_Commute.entitlements */ = {isa = PBXFileReference; lastKnownFileType = text.plist.entitlements; path = Net_Zero_Commute.entitlements; sourceTree = "<group>"; };
		94D4CE5C2AD5FA11005D3837 /* Preview Assets.xcassets */ = {isa = PBXFileReference; lastKnownFileType = folder.assetcatalog; path = "Preview Assets.xcassets"; sourceTree = "<group>"; };
/* End PBXFileReference section */

/* Begin PBXFrameworksBuildPhase section */
		94D4CE4E2AD5FA10005D3837 /* Frameworks */ = {
			isa = PBXFrameworksBuildPhase;
			buildActionMask = 2147483647;
			files = (
			);
			runOnlyForDeploymentPostprocessing = 0;
		};
/* End PBXFrameworksBuildPhase section */

/* Begin PBXGroup section */
		94D4CE482AD5FA10005D3837 = {
			isa = PBXGroup;
			children = (
				94D4CE532AD5FA10005D3837 /* Net Zero Commute */,
				94D4CE522AD5FA10005D3837 /* Products */,
			);
			sourceTree = "<group>";
		};
		94D4CE522AD5FA10005D3837 /* Products */ = {
			isa = PBXGroup;
			children = (
				94D4CE512AD5FA10005D3837 /* Net Zero Commute.app */,
			);
			name = Products;
			sourceTree = "<group>";
		};
		94D4CE532AD5FA10005D3837 /* Net Zero Commute */ = {
			isa = PBXGroup;
			children = (
				94D4CE542AD5FA10005D3837 /* Net_Zero_CommuteApp.swift */,
				94D4CE562AD5FA10005D3837 /* ContentView.swift */,
				94B0FC132ADC376E00BC82B0 /* Home.swift */,
				945C882B2AE20A9900494B7C /* Profile.swift */,
				945C882D2AE20E5600494B7C /* Dashboard.swift */,
				94B0FC172ADC6CD700BC82B0 /* MapS.swift */,
				94B0FC152ADC48F700BC82B0 /* SignInRegister.swift */,
				9473E4192AE0C9AF00EE0A27 /* Location.swift */,
				94D4CE582AD5FA11005D3837 /* Assets.xcassets */,
				94D4CE5A2AD5FA11005D3837 /* Net_Zero_Commute.entitlements */,
				94D4CE5B2AD5FA11005D3837 /* Preview Content */,
			);
			path = "Net Zero Commute";
			sourceTree = "<group>";
		};
		94D4CE5B2AD5FA11005D3837 /* Preview Content */ = {
			isa = PBXGroup;
			children = (
				94D4CE5C2AD5FA11005D3837 /* Preview Assets.xcassets */,
			);
			path = "Preview Content";
			sourceTree = "<group>";
		};
/* End PBXGroup section */

/* Begin PBXNativeTarget section */
		94D4CE502AD5FA10005D3837 /* Net Zero Commute */ = {
			isa = PBXNativeTarget;
			buildConfigurationList = 94D4CE602AD5FA11005D3837 /* Build configuration list for PBXNativeTarget "Net Zero Commute" */;
			buildPhases = (
				94D4CE4D2AD5FA10005D3837 /* Sources */,
				94D4CE4E2AD5FA10005D3837 /* Frameworks */,
				94D4CE4F2AD5FA10005D3837 /* Resources */,
			);
			buildRules = (
			);
			dependencies = (
			);
			name = "Net Zero Commute";
			productName = "Net Zero Commute";
			productReference = 94D4CE512AD5FA10005D3837 /* Net Zero Commute.app */;
			productType = "com.apple.product-type.application";
		};
/* End PBXNativeTarget section */

/* Begin PBXProject section */
		94D4CE492AD5FA10005D3837 /* Project object */ = {
			isa = PBXProject;
			attributes = {
				BuildIndependentTargetsInParallel = 1;
				LastSwiftUpdateCheck = 1500;
				LastUpgradeCheck = 1500;
				TargetAttributes = {
					94D4CE502AD5FA10005D3837 = {
						CreatedOnToolsVersion = 15.0;
					};
				};
			};
			buildConfigurationList = 94D4CE4C2AD5FA10005D3837 /* Build configuration list for PBXProject "Net Zero Commute" */;
			compatibilityVersion = "Xcode 14.0";
			developmentRegion = en;
			hasScannedForEncodings = 0;
			knownRegions = (
				en,
				Base,
			);
			mainGroup = 94D4CE482AD5FA10005D3837;
			productRefGroup = 94D4CE522AD5FA10005D3837 /* Products */;
			projectDirPath = "";
			projectRoot = "";
			targets = (
				94D4CE502AD5FA10005D3837 /* Net Zero Commute */,
			);
		};
/* End PBXProject section */

/* Begin PBXResourcesBuildPhase section */
		94D4CE4F2AD5FA10005D3837 /* Resources */ = {
			isa = PBXResourcesBuildPhase;
			buildActionMask = 2147483647;
			files = (
				94D4CE5D2AD5FA11005D3837 /* Preview Assets.xcassets in Resources */,
				94D4CE592AD5FA11005D3837 /* Assets.xcassets in Resources */,
			);
			runOnlyForDeploymentPostprocessing = 0;
		};
/* End PBXResourcesBuildPhase section */

/* Begin PBXSourcesBuildPhase section */
		94D4CE4D2AD5FA10005D3837 /* Sources */ = {
			isa = PBXSourcesBuildPhase;
			buildActionMask = 2147483647;
			files = (
				94B0FC162ADC48F700BC82B0 /* SignInRegister.swift in Sources */,
				94D4CE572AD5FA10005D3837 /* ContentView.swift in Sources */,
				945C882E2AE20E5600494B7C /* Dashboard.swift in Sources */,
				94B0FC142ADC376E00BC82B0 /* Home.swift in Sources */,
				945C882C2AE20A9900494B7C /* Profile.swift in Sources */,
				94D4CE552AD5FA10005D3837 /* Net_Zero_CommuteApp.swift in Sources */,
				9473E41A2AE0C9AF00EE0A27 /* Location.swift in Sources */,
				94B0FC182ADC6CD700BC82B0 /* MapS.swift in Sources */,
			);
			runOnlyForDeploymentPostprocessing = 0;
		};
/* End PBXSourcesBuildPhase section */

/* Begin XCBuildConfiguration section */
		94D4CE5E2AD5FA11005D3837 /* Debug */ = {
			isa = XCBuildConfiguration;
			buildSettings = {
				ALWAYS_SEARCH_USER_PATHS = NO;
				ASSETCATALOG_COMPILER_GENERATE_SWIFT_ASSET_SYMBOL_EXTENSIONS = YES;
				CLANG_ANALYZER_NONNULL = YES;
				CLANG_ANALYZER_NUMBER_OBJECT_CONVERSION = YES_AGGRESSIVE;
				CLANG_CXX_LANGUAGE_STANDARD = "gnu++20";
				CLANG_ENABLE_MODULES = YES;
				CLANG_ENABLE_OBJC_ARC = YES;
				CLANG_ENABLE_OBJC_WEAK = YES;
				CLANG_WARN_BLOCK_CAPTURE_AUTORELEASING = YES;
				CLANG_WARN_BOOL_CONVERSION = YES;
				CLANG_WARN_COMMA = YES;
				CLANG_WARN_CONSTANT_CONVERSION = YES;
				CLANG_WARN_DEPRECATED_OBJC_IMPLEMENTATIONS = YES;
				CLANG_WARN_DIRECT_OBJC_ISA_USAGE = YES_ERROR;
				CLANG_WARN_DOCUMENTATION_COMMENTS = YES;
				CLANG_WARN_EMPTY_BODY = YES;
				CLANG_WARN_ENUM_CONVERSION = YES;
				CLANG_WARN_INFINITE_RECURSION = YES;
				CLANG_WARN_INT_CONVERSION = YES;
				CLANG_WARN_NON_LITERAL_NULL_CONVERSION = YES;
				CLANG_WARN_OBJC_IMPLICIT_RETAIN_SELF = YES;
				CLANG_WARN_OBJC_LITERAL_CONVERSION = YES;
				CLANG_WARN_OBJC_ROOT_CLASS = YES_ERROR;
				CLANG_WARN_QUOTED_INCLUDE_IN_FRAMEWORK_HEADER = YES;
				CLANG_WARN_RANGE_LOOP_ANALYSIS = YES;
				CLANG_WARN_STRICT_PROTOTYPES = YES;
				CLANG_WARN_SUSPICIOUS_MOVE = YES;
				CLANG_WARN_UNGUARDED_AVAILABILITY = YES_AGGRESSIVE;
				CLANG_WARN_UNREACHABLE_CODE = YES;
				CLANG_WARN__DUPLICATE_METHOD_MATCH = YES;
				COPY_PHASE_STRIP = NO;
				DEBUG_INFORMATION_FORMAT = dwarf;
				ENABLE_STRICT_OBJC_MSGSEND = YES;
				ENABLE_TESTABILITY = YES;
				ENABLE_USER_SCRIPT_SANDBOXING = YES;
				GCC_C_LANGUAGE_STANDARD = gnu17;
				GCC_DYNAMIC_NO_PIC = NO;
				GCC_NO_COMMON_BLOCKS = YES;
				GCC_OPTIMIZATION_LEVEL = 0;
				GCC_PREPROCESSOR_DEFINITIONS = (
					"DEBUG=1",
					"$(inherited)",
				);
				GCC_WARN_64_TO_32_BIT_CONVERSION = YES;
				GCC_WARN_ABOUT_RETURN_TYPE = YES_ERROR;
				GCC_WARN_UNDECLARED_SELECTOR = YES;
				GCC_WARN_UNINITIALIZED_AUTOS = YES_AGGRESSIVE;
				GCC_WARN_UNUSED_FUNCTION = YES;
				GCC_WARN_UNUSED_VARIABLE = YES;
				LOCALIZATION_PREFERS_STRING_CATALOGS = YES;
				MTL_ENABLE_DEBUG_INFO = INCLUDE_SOURCE;
				MTL_FAST_MATH = YES;
				ONLY_ACTIVE_ARCH = YES;
				SWIFT_ACTIVE_COMPILATION_CONDITIONS = "DEBUG $(inherited)";
				SWIFT_OPTIMIZATION_LEVEL = "-Onone";
			};
			name = Debug;
		};
		94D4CE5F2AD5FA11005D3837 /* Release */ = {
			isa = XCBuildConfiguration;
			buildSettings = {
				ALWAYS_SEARCH_USER_PATHS = NO;
				ASSETCATALOG_COMPILER_GENERATE_SWIFT_ASSET_SYMBOL_EXTENSIONS = YES;
				CLANG_ANALYZER_NONNULL = YES;
				CLANG_ANALYZER_NUMBER_OBJECT_CONVERSION = YES_AGGRESSIVE;
				CLANG_CXX_LANGUAGE_STANDARD = "gnu++20";
				CLANG_ENABLE_MODULES = YES;
				CLANG_ENABLE_OBJC_ARC = YES;
				CLANG_ENABLE_OBJC_WEAK = YES;
				CLANG_WARN_BLOCK_CAPTURE_AUTORELEASING = YES;
				CLANG_WARN_BOOL_CONVERSION = YES;
				CLANG_WARN_COMMA = YES;
				CLANG_WARN_CONSTANT_CONVERSION = YES;
				CLANG_WARN_DEPRECATED_OBJC_IMPLEMENTATIONS = YES;
				CLANG_WARN_DIRECT_OBJC_ISA_USAGE = YES_ERROR;
				CLANG_WARN_DOCUMENTATION_COMMENTS = YES;
				CLANG_WARN_EMPTY_BODY = YES;
				CLANG_WARN_ENUM_CONVERSION = YES;
				CLANG_WARN_INFINITE_RECURSION = YES;
				CLANG_WARN_INT_CONVERSION = YES;
				CLANG_WARN_NON_LITERAL_NULL_CONVERSION = YES;
				CLANG_WARN_OBJC_IMPLICIT_RETAIN_SELF = YES;
				CLANG_WARN_OBJC_LITERAL_CONVERSION = YES;
				CLANG_WARN_OBJC_ROOT_CLASS = YES_ERROR;
				CLANG_WARN_QUOTED_INCLUDE_IN_FRAMEWORK_HEADER = YES;
				CLANG_WARN_RANGE_LOOP_ANALYSIS = YES;
				CLANG_WARN_STRICT_PROTOTYPES = YES;
				CLANG_WARN_SUSPICIOUS_MOVE = YES;
				CLANG_WARN_UNGUARDED_AVAILABILITY = YES_AGGRESSIVE;
				CLANG_WARN_UNREACHABLE_CODE = YES;
				CLANG_WARN__DUPLICATE_METHOD_MATCH = YES;
				COPY_PHASE_STRIP = NO;
				DEBUG_INFORMATION_FORMAT = "dwarf-with-dsym";
				ENABLE_NS_ASSERTIONS = NO;
				ENABLE_STRICT_OBJC_MSGSEND = YES;
				ENABLE_USER_SCRIPT_SANDBOXING = YES;
				GCC_C_LANGUAGE_STANDARD = gnu17;
				GCC_NO_COMMON_BLOCKS = YES;
				GCC_WARN_64_TO_32_BIT_CONVERSION = YES;
				GCC_WARN_ABOUT_RETURN_TYPE = YES_ERROR;
				GCC_WARN_UNDECLARED_SELECTOR = YES;
				GCC_WARN_UNINITIALIZED_AUTOS = YES_AGGRESSIVE;
				GCC_WARN_UNUSED_FUNCTION = YES;
				GCC_WARN_UNUSED_VARIABLE = YES;
				LOCALIZATION_PREFERS_STRING_CATALOGS = YES;
				MTL_ENABLE_DEBUG_INFO = NO;
				MTL_FAST_MATH = YES;
				SWIFT_COMPILATION_MODE = wholemodule;
			};
			name = Release;
		};
		94D4CE612AD5FA11005D3837 /* Debug */ = {
			isa = XCBuildConfiguration;
			buildSettings = {
				ASSETCATALOG_COMPILER_APPICON_NAME = AppIcon;
				ASSETCATALOG_COMPILER_GLOBAL_ACCENT_COLOR_NAME = AccentColor;
				CODE_SIGN_ENTITLEMENTS = "Net Zero Commute/Net_Zero_Commute.entitlements";
				CODE_SIGN_STYLE = Automatic;
				CURRENT_PROJECT_VERSION = 1;
				DEVELOPMENT_ASSET_PATHS = "\"Net Zero Commute/Preview Content\"";
				DEVELOPMENT_TEAM = CAGL58R36H;
				ENABLE_HARDENED_RUNTIME = YES;
				ENABLE_PREVIEWS = YES;
				GENERATE_INFOPLIST_FILE = YES;
				INFOPLIST_KEY_NSLocationAlwaysAndWhenInUseUsageDescription = "We need it to display Maps";
				INFOPLIST_KEY_NSLocationWhenInUseUsageDescription = "We need it to display Maps";
				"INFOPLIST_KEY_UIApplicationSceneManifest_Generation[sdk=iphoneos*]" = YES;
				"INFOPLIST_KEY_UIApplicationSceneManifest_Generation[sdk=iphonesimulator*]" = YES;
				"INFOPLIST_KEY_UIApplicationSupportsIndirectInputEvents[sdk=iphoneos*]" = YES;
				"INFOPLIST_KEY_UIApplicationSupportsIndirectInputEvents[sdk=iphonesimulator*]" = YES;
				"INFOPLIST_KEY_UILaunchScreen_Generation[sdk=iphoneos*]" = YES;
				"INFOPLIST_KEY_UILaunchScreen_Generation[sdk=iphonesimulator*]" = YES;
				"INFOPLIST_KEY_UIStatusBarStyle[sdk=iphoneos*]" = UIStatusBarStyleDefault;
				"INFOPLIST_KEY_UIStatusBarStyle[sdk=iphonesimulator*]" = UIStatusBarStyleDefault;
				INFOPLIST_KEY_UISupportedInterfaceOrientations_iPad = "UIInterfaceOrientationPortrait UIInterfaceOrientationPortraitUpsideDown UIInterfaceOrientationLandscapeLeft UIInterfaceOrientationLandscapeRight";
				INFOPLIST_KEY_UISupportedInterfaceOrientations_iPhone = "UIInterfaceOrientationPortrait UIInterfaceOrientationLandscapeLeft UIInterfaceOrientationLandscapeRight";
				IPHONEOS_DEPLOYMENT_TARGET = 17.0;
				LD_RUNPATH_SEARCH_PATHS = "@executable_path/Frameworks";
				"LD_RUNPATH_SEARCH_PATHS[sdk=macosx*]" = "@executable_path/../Frameworks";
				MACOSX_DEPLOYMENT_TARGET = 14.0;
				MARKETING_VERSION = 1.0;
				PRODUCT_BUNDLE_IDENTIFIER = "Surya.Net-Zero-Commute";
				PRODUCT_NAME = "$(TARGET_NAME)";
				SDKROOT = auto;
				SUPPORTED_PLATFORMS = "iphoneos iphonesimulator macosx";
				SWIFT_EMIT_LOC_STRINGS = YES;
				SWIFT_VERSION = 5.0;
				TARGETED_DEVICE_FAMILY = "1,2";
			};
			name = Debug;
		};
		94D4CE622AD5FA11005D3837 /* Release */ = {
			isa = XCBuildConfiguration;
			buildSettings = {
				ASSETCATALOG_COMPILER_APPICON_NAME = AppIcon;
				ASSETCATALOG_COMPILER_GLOBAL_ACCENT_COLOR_NAME = AccentColor;
				CODE_SIGN_ENTITLEMENTS = "Net Zero Commute/Net_Zero_Commute.entitlements";
				CODE_SIGN_STYLE = Automatic;
				CURRENT_PROJECT_VERSION = 1;
				DEVELOPMENT_ASSET_PATHS = "\"Net Zero Commute/Preview Content\"";
				DEVELOPMENT_TEAM = CAGL58R36H;
				ENABLE_HARDENED_RUNTIME = YES;
				ENABLE_PREVIEWS = YES;
				GENERATE_INFOPLIST_FILE = YES;
				INFOPLIST_KEY_NSLocationAlwaysAndWhenInUseUsageDescription = "We need it to display Maps";
				INFOPLIST_KEY_NSLocationWhenInUseUsageDescription = "We need it to display Maps";
				"INFOPLIST_KEY_UIApplicationSceneManifest_Generation[sdk=iphoneos*]" = YES;
				"INFOPLIST_KEY_UIApplicationSceneManifest_Generation[sdk=iphonesimulator*]" = YES;
				"INFOPLIST_KEY_UIApplicationSupportsIndirectInputEvents[sdk=iphoneos*]" = YES;
				"INFOPLIST_KEY_UIApplicationSupportsIndirectInputEvents[sdk=iphonesimulator*]" = YES;
				"INFOPLIST_KEY_UILaunchScreen_Generation[sdk=iphoneos*]" = YES;
				"INFOPLIST_KEY_UILaunchScreen_Generation[sdk=iphonesimulator*]" = YES;
				"INFOPLIST_KEY_UIStatusBarStyle[sdk=iphoneos*]" = UIStatusBarStyleDefault;
				"INFOPLIST_KEY_UIStatusBarStyle[sdk=iphonesimulator*]" = UIStatusBarStyleDefault;
				INFOPLIST_KEY_UISupportedInterfaceOrientations_iPad = "UIInterfaceOrientationPortrait UIInterfaceOrientationPortraitUpsideDown UIInterfaceOrientationLandscapeLeft UIInterfaceOrientationLandscapeRight";
				INFOPLIST_KEY_UISupportedInterfaceOrientations_iPhone = "UIInterfaceOrientationPortrait UIInterfaceOrientationLandscapeLeft UIInterfaceOrientationLandscapeRight";
				IPHONEOS_DEPLOYMENT_TARGET = 17.0;
				LD_RUNPATH_SEARCH_PATHS = "@executable_path/Frameworks";
				"LD_RUNPATH_SEARCH_PATHS[sdk=macosx*]" = "@executable_path/../Frameworks";
				MACOSX_DEPLOYMENT_TARGET = 14.0;
				MARKETING_VERSION = 1.0;
				PRODUCT_BUNDLE_IDENTIFIER = "Surya.Net-Zero-Commute";
				PRODUCT_NAME = "$(TARGET_NAME)";
				SDKROOT = auto;
				SUPPORTED_PLATFORMS = "iphoneos iphonesimulator macosx";
				SWIFT_EMIT_LOC_STRINGS = YES;
				SWIFT_VERSION = 5.0;
				TARGETED_DEVICE_FAMILY = "1,2";
			};
			name = Release;
		};
/* End XCBuildConfiguration section */

/* Begin XCConfigurationList section */
		94D4CE4C2AD5FA10005D3837 /* Build configuration list for PBXProject "Net Zero Commute" */ = {
			isa = XCConfigurationList;
			buildConfigurations = (
				94D4CE5E2AD5FA11005D3837 /* Debug */,
				94D4CE5F2AD5FA11005D3837 /* Release */,
			);
			defaultConfigurationIsVisible = 0;
			defaultConfigurationName = Release;
		};
		94D4CE602AD5FA11005D3837 /* Build configuration list for PBXNativeTarget "Net Zero Commute" */ = {
			isa = XCConfigurationList;
			buildConfigurations = (
				94D4CE612AD5FA11005D3837 /* Debug */,
				94D4CE622AD5FA11005D3837 /* Release */,
			);
			defaultConfigurationIsVisible = 0;
			defaultConfigurationName = Release;
		};
/* End XCConfigurationList section */
	};
	rootObject = 94D4CE492AD5FA10005D3837 /* Project object */;
}
